
Microsoft Visual Studio Solution File, Format Version 12.00
# Visual Studio Version 17
VisualStudioVersion = 17.3.32929.385
MinimumVisualStudioVersion = 10.0.40219.1
Project("{9A19103F-16F7-4668-BE54-9A1E7A4F7556}") = "MsixStoreTool", "MsixStoreTool\MsixStoreTool.csproj", "{B8236440-77D6-45C3-BD4F-35B8B4D64D1D}"
EndProject
Global
	GlobalSection(SolutionConfigurationPlatforms) = preSolution
		Debug|Any CPU = Debug|Any CPU
		Release|Any CPU = Release|Any CPU
	EndGlobalSection
	GlobalSection(ProjectConfigurationPlatforms) = postSolution
		{B8236440-77D6-45C3-BD4F-35B8B4D64D1D}.Debug|Any CPU.ActiveCfg = Debug|Any CPU
		{B8236440-77D6-45C3-BD4F-35B8B4D64D1D}.Debug|Any CPU.Build.0 = Debug|Any CPU
		{B8236440-77D6-45C3-BD4F-35B8B4D64D1D}.Release|Any CPU.ActiveCfg = Release|Any CPU
		{B8236440-77D6-45C3-BD4F-35B8B4D64D1D}.Release|Any CPU.Build.0 = Release|Any CPU
	EndGlobalSection
	GlobalSection(SolutionProperties) = preSolution
		HideSolutionNode = FALSE
	EndGlobalSection
	GlobalSection(ExtensibilityGlobals) = postSolution
		SolutionGuid = {76CFDF60-181D-42ED-A405-EA7C468C9346}
	EndGlobalSection
EndGlobal
